// !$*UTF8*$!
{
	archiveVersion = 1;
	classes = {
	};
	objectVersion = 46;
	objects = {

/* Begin PBXBuildFile section */
		CEC23F2C1B5F74E40080E31D /* main.m in Sources */ = {isa = PBXBuildFile; fileRef = CEC23F2B1B5F74E40080E31D /* main.m */; };
		CEC23F2F1B5F74E40080E31D /* AppDelegate.m in Sources */ = {isa = PBXBuildFile; fileRef = CEC23F2E1B5F74E40080E31D /* AppDelegate.m */; };
		CEC23F321B5F74E40080E31D /* ViewController.m in Sources */ = {isa = PBXBuildFile; fileRef = CEC23F311B5F74E40080E31D /* ViewController.m */; };
		CEC23F351B5F74E40080E31D /* Main.storyboard in Resources */ = {isa = PBXBuildFile; fileRef = CEC23F331B5F74E40080E31D /* Main.storyboard */; };
		CEC23F371B5F74E40080E31D /* Images.xcassets in Resources */ = {isa = PBXBuildFile; fileRef = CEC23F361B5F74E40080E31D /* Images.xcassets */; };
		CEC23F3A1B5F74E40080E31D /* LaunchScreen.xib in Resources */ = {isa = PBXBuildFile; fileRef = CEC23F381B5F74E40080E31D /* LaunchScreen.xib */; };
		CEC23F461B5F74E50080E31D /* twitterGaganTests.m in Sources */ = {isa = PBXBuildFile; fileRef = CEC23F451B5F74E40080E31D /* twitterGaganTests.m */; };
		CEC23F541B5F75F90080E31D /* Fabric.framework in Frameworks */ = {isa = PBXBuildFile; fileRef = CEC23F501B5F75F90080E31D /* Fabric.framework */; };
		CEC23F551B5F75F90080E31D /* TwitterKit.framework in Frameworks */ = {isa = PBXBuildFile; fileRef = CEC23F511B5F75F90080E31D /* TwitterKit.framework */; };
		CEC23F561B5F75F90080E31D /* TwitterKitResources.bundle in Resources */ = {isa = PBXBuildFile; fileRef = CEC23F521B5F75F90080E31D /* TwitterKitResources.bundle */; };
		CEC23F571B5F75F90080E31D /* TwitterCore.framework in Frameworks */ = {isa = PBXBuildFile; fileRef = CEC23F531B5F75F90080E31D /* TwitterCore.framework */; };
		CEC23F591B5F7FC10080E31D /* twitter Icon.png in Resources */ = {isa = PBXBuildFile; fileRef = CEC23F581B5F7FC10080E31D /* twitter Icon.png */; };
/* End PBXBuildFile section */

/* Begin PBXContainerItemProxy section */
		CEC23F401B5F74E40080E31D /* PBXContainerItemProxy */ = {
			isa = PBXContainerItemProxy;
			containerPortal = CEC23F1E1B5F74E40080E31D /* Project object */;
			proxyType = 1;
			remoteGlobalIDString = CEC23F251B5F74E40080E31D;
			remoteInfo = twitterGagan;
		};
/* End PBXContainerItemProxy section */

/* Begin PBXFileReference section */
		CEC23F261B5F74E40080E31D /* twitterGagan.app */ = {isa = PBXFileReference; explicitFileType = wrapper.application; includeInIndex = 0; path = twitterGagan.app; sourceTree = BUILT_PRODUCTS_DIR; };
		CEC23F2A1B5F74E40080E31D /* Info.plist */ = {isa = PBXFileReference; lastKnownFileType = text.plist.xml; path = Info.plist; sourceTree = "<group>"; };
		CEC23F2B1B5F74E40080E31D /* main.m */ = {isa = PBXFileReference; lastKnownFileType = sourcecode.c.objc; path = main.m; sourceTree = "<group>"; };
		CEC23F2D1B5F74E40080E31D /* AppDelegate.h */ = {isa = PBXFileReference; lastKnownFileType = sourcecode.c.h; path = AppDelegate.h; sourceTree = "<group>"; };
		CEC23F2E1B5F74E40080E31D /* AppDelegate.m */ = {isa = PBXFileReference; lastKnownFileType = sourcecode.c.objc; path = AppDelegate.m; sourceTree = "<group>"; };
		CEC23F301B5F74E40080E31D /* ViewController.h */ = {isa = PBXFileReference; lastKnownFileType = sourcecode.c.h; path = ViewController.h; sourceTree = "<group>"; };
		CEC23F311B5F74E40080E31D /* ViewController.m */ = {isa = PBXFileReference; lastKnownFileType = sourcecode.c.objc; path = ViewController.m; sourceTree = "<group>"; };
		CEC23F341B5F74E40080E31D /* Base */ = {isa = PBXFileReference; lastKnownFileType = file.storyboard; name = Base; path = Base.lproj/Main.storyboard; sourceTree = "<group>"; };
		CEC23F361B5F74E40080E31D /* Images.xcassets */ = {isa = PBXFileReference; lastKnownFileType = folder.assetcatalog; path = Images.xcassets; sourceTree = "<group>"; };
		CEC23F391B5F74E40080E31D /* Base */ = {isa = PBXFileReference; lastKnownFileType = file.xib; name = Base; path = Base.lproj/LaunchScreen.xib; sourceTree = "<group>"; };
		CEC23F3F1B5F74E40080E31D /* twitterGaganTests.xctest */ = {isa = PBXFileReference; explicitFileType = wrapper.cfbundle; includeInIndex = 0; path = twitterGaganTests.xctest; sourceTree = BUILT_PRODUCTS_DIR; };
		CEC23F441B5F74E40080E31D /* Info.plist */ = {isa = PBXFileReference; lastKnownFileType = text.plist.xml; path = Info.plist; sourceTree = "<group>"; };
		CEC23F451B5F74E40080E31D /* twitterGaganTests.m */ = {isa = PBXFileReference; lastKnownFileType = sourcecode.c.objc; path = twitterGaganTests.m; sourceTree = "<group>"; };
		CEC23F501B5F75F90080E31D /* Fabric.framework */ = {isa = PBXFileReference; lastKnownFileType = wrapper.framework; path = Fabric.framework; sourceTree = "<group>"; };
		CEC23F511B5F75F90080E31D /* TwitterKit.framework */ = {isa = PBXFileReference; lastKnownFileType = wrapper.framework; path = TwitterKit.framework; sourceTree = "<group>"; };
		CEC23F521B5F75F90080E31D /* TwitterKitResources.bundle */ = {isa = PBXFileReference; lastKnownFileType = "wrapper.plug-in"; name = TwitterKitResources.bundle; path = TwitterKit.framework/Versions/A/Resources/TwitterKitResources.bundle; sourceTree = "<group>"; };
		CEC23F531B5F75F90080E31D /* TwitterCore.framework */ = {isa = PBXFileReference; lastKnownFileType = wrapper.framework; path = TwitterCore.framework; sourceTree = "<group>"; };
		CEC23F581B5F7FC10080E31D /* twitter Icon.png */ = {isa = PBXFileReference; lastKnownFileType = image.png; path = "twitter Icon.png"; sourceTree = "<group>"; };
/* End PBXFileReference section */

/* Begin PBXFrameworksBuildPhase section */
		CEC23F231B5F74E40080E31D /* Frameworks */ = {
			isa = PBXFrameworksBuildPhase;
			buildActionMask = 2147483647;
			files = (
				CEC23F541B5F75F90080E31D /* Fabric.framework in Frameworks */,
				CEC23F571B5F75F90080E31D /* TwitterCore.framework in Frameworks */,
				CEC23F551B5F75F90080E31D /* TwitterKit.framework in Frameworks */,
			);
			runOnlyForDeploymentPostprocessing = 0;
		};
		CEC23F3C1B5F74E40080E31D /* Frameworks */ = {
			isa = PBXFrameworksBuildPhase;
			buildActionMask = 2147483647;
			files = (
			);
			runOnlyForDeploymentPostprocessing = 0;
		};
/* End PBXFrameworksBuildPhase section */

/* Begin PBXGroup section */
		CEC23F1D1B5F74E40080E31D = {
			isa = PBXGroup;
			children = (
				CEC23F501B5F75F90080E31D /* Fabric.framework */,
				CEC23F511B5F75F90080E31D /* TwitterKit.framework */,
				CEC23F521B5F75F90080E31D /* TwitterKitResources.bundle */,
				CEC23F531B5F75F90080E31D /* TwitterCore.framework */,
				CEC23F281B5F74E40080E31D /* twitterGagan */,
				CEC23F421B5F74E40080E31D /* twitterGaganTests */,
				CEC23F271B5F74E40080E31D /* Products */,
			);
			sourceTree = "<group>";
		};
		CEC23F271B5F74E40080E31D /* Products */ = {
			isa = PBXGroup;
			children = (
				CEC23F261B5F74E40080E31D /* twitterGagan.app */,
				CEC23F3F1B5F74E40080E31D /* twitterGaganTests.xctest */,
			);
			name = Products;
			sourceTree = "<group>";
		};
		CEC23F281B5F74E40080E31D /* twitterGagan */ = {
			isa = PBXGroup;
			children = (
				CEC23F2D1B5F74E40080E31D /* AppDelegate.h */,
				CEC23F2E1B5F74E40080E31D /* AppDelegate.m */,
				CEC23F301B5F74E40080E31D /* ViewController.h */,
				CEC23F311B5F74E40080E31D /* ViewController.m */,
				CEC23F331B5F74E40080E31D /* Main.storyboard */,
				CEC23F361B5F74E40080E31D /* Images.xcassets */,
				CEC23F581B5F7FC10080E31D /* twitter Icon.png */,
				CEC23F381B5F74E40080E31D /* LaunchScreen.xib */,
				CEC23F291B5F74E40080E31D /* Supporting Files */,
			);
			path = twitterGagan;
			sourceTree = "<group>";
		};
		CEC23F291B5F74E40080E31D /* Supporting Files */ = {
			isa = PBXGroup;
			children = (
				CEC23F2A1B5F74E40080E31D /* Info.plist */,
				CEC23F2B1B5F74E40080E31D /* main.m */,
			);
			name = "Supporting Files";
			sourceTree = "<group>";
		};
		CEC23F421B5F74E40080E31D /* twitterGaganTests */ = {
			isa = PBXGroup;
			children = (
				CEC23F451B5F74E40080E31D /* twitterGaganTests.m */,
				CEC23F431B5F74E40080E31D /* Supporting Files */,
			);
			path = twitterGaganTests;
			sourceTree = "<group>";
		};
		CEC23F431B5F74E40080E31D /* Supporting Files */ = {
			isa = PBXGroup;
			children = (
				CEC23F441B5F74E40080E31D /* Info.plist */,
			);
			name = "Supporting Files";
			sourceTree = "<group>";
		};
/* End PBXGroup section */

/* Begin PBXNativeTarget section */
		CEC23F251B5F74E40080E31D /* twitterGagan */ = {
			isa = PBXNativeTarget;
			buildConfigurationList = CEC23F491B5F74E50080E31D /* Build configuration list for PBXNativeTarget "twitterGagan" */;
			buildPhases = (
				CEC23F221B5F74E40080E31D /* Sources */,
				CEC23F231B5F74E40080E31D /* Frameworks */,
				CEC23F241B5F74E40080E31D /* Resources */,
				CEC23F4F1B5F75C90080E31D /* ShellScript */,
			);
			buildRules = (
			);
			dependencies = (
			);
			name = twitterGagan;
			productName = twitterGagan;
			productReference = CEC23F261B5F74E40080E31D /* twitterGagan.app */;
			productType = "com.apple.product-type.application";
		};
		CEC23F3E1B5F74E40080E31D /* twitterGaganTests */ = {
			isa = PBXNativeTarget;
			buildConfigurationList = CEC23F4C1B5F74E50080E31D /* Build configuration list for PBXNativeTarget "twitterGaganTests" */;
			buildPhases = (
				CEC23F3B1B5F74E40080E31D /* Sources */,
				CEC23F3C1B5F74E40080E31D /* Frameworks */,
				CEC23F3D1B5F74E40080E31D /* Resources */,
			);
			buildRules = (
			);
			dependencies = (
				CEC23F411B5F74E40080E31D /* PBXTargetDependency */,
			);
			name = twitterGaganTests;
			productName = twitterGaganTests;
			productReference = CEC23F3F1B5F74E40080E31D /* twitterGaganTests.xctest */;
			productType = "com.apple.product-type.bundle.unit-test";
		};
/* End PBXNativeTarget section */

/* Begin PBXProject section */
		CEC23F1E1B5F74E40080E31D /* Project object */ = {
			isa = PBXProject;
			attributes = {
				LastUpgradeCheck = 0640;
				ORGANIZATIONNAME = "Gagandeep Kaur";
				TargetAttributes = {
					CEC23F251B5F74E40080E31D = {
						CreatedOnToolsVersion = 6.4;
					};
					CEC23F3E1B5F74E40080E31D = {
						CreatedOnToolsVersion = 6.4;
						TestTargetID = CEC23F251B5F74E40080E31D;
					};
				};
			};
			buildConfigurationList = CEC23F211B5F74E40080E31D /* Build configuration list for PBXProject "twitterGagan" */;
			compatibilityVersion = "Xcode 3.2";
			developmentRegion = English;
			hasScannedForEncodings = 0;
			knownRegions = (
				en,
				Base,
			);
			mainGroup = CEC23F1D1B5F74E40080E31D;
			productRefGroup = CEC23F271B5F74E40080E31D /* Products */;
			projectDirPath = "";
			projectRoot = "";
			targets = (
				CEC23F251B5F74E40080E31D /* twitterGagan */,
				CEC23F3E1B5F74E40080E31D /* twitterGaganTests */,
			);
		};
/* End PBXProject section */

/* Begin PBXResourcesBuildPhase section */
		CEC23F241B5F74E40080E31D /* Resources */ = {
			isa = PBXResourcesBuildPhase;
			buildActionMask = 2147483647;
			files = (
				CEC23F561B5F75F90080E31D /* TwitterKitResources.bundle in Resources */,
				CEC23F351B5F74E40080E31D /* Main.storyboard in Resources */,
				CEC23F3A1B5F74E40080E31D /* LaunchScreen.xib in Resources */,
				CEC23F371B5F74E40080E31D /* Images.xcassets in Resources */,
				CEC23F591B5F7FC10080E31D /* twitter Icon.png in Resources */,
			);
			runOnlyForDeploymentPostprocessing = 0;
		};
		CEC23F3D1B5F74E40080E31D /* Resources */ = {
			isa = PBXResourcesBuildPhase;
			buildActionMask = 2147483647;
			files = (
			);
			runOnlyForDeploymentPostprocessing = 0;
		};
/* End PBXResourcesBuildPhase section */

/* Begin PBXShellScriptBuildPhase section */
		CEC23F4F1B5F75C90080E31D /* ShellScript */ = {
			isa = PBXShellScriptBuildPhase;
			buildActionMask = 2147483647;
			files = (
			);
			inputPaths = (
			);
			outputPaths = (
			);
			runOnlyForDeploymentPostprocessing = 0;
			shellPath = /bin/sh;
			shellScript = "./Fabric.framework/run 672c42d68d89816fa15745b9c72e41332a0281b2 8c2df611f87f2bb23b00a846282d47c4360e34344cb440981df01b7d773f3e38";
		};
/* End PBXShellScriptBuildPhase section */

/* Begin PBXSourcesBuildPhase section */
		CEC23F221B5F74E40080E31D /* Sources */ = {
			isa = PBXSourcesBuildPhase;
			buildActionMask = 2147483647;
			files = (
				CEC23F321B5F74E40080E31D /* ViewController.m in Sources */,
				CEC23F2F1B5F74E40080E31D /* AppDelegate.m in Sources */,
				CEC23F2C1B5F74E40080E31D /* main.m in Sources */,
			);
			runOnlyForDeploymentPostprocessing = 0;
		};
		CEC23F3B1B5F74E40080E31D /* Sources */ = {
			isa = PBXSourcesBuildPhase;
			buildActionMask = 2147483647;
			files = (
				CEC23F461B5F74E50080E31D /* twitterGaganTests.m in Sources */,
			);
			runOnlyForDeploymentPostprocessing = 0;
		};
/* End PBXSourcesBuildPhase section */

/* Begin PBXTargetDependency section */
		CEC23F411B5F74E40080E31D /* PBXTargetDependency */ = {
			isa = PBXTargetDependency;
			target = CEC23F251B5F74E40080E31D /* twitterGagan */;
			targetProxy = CEC23F401B5F74E40080E31D /* PBXContainerItemProxy */;
		};
/* End PBXTargetDependency section */

/* Begin PBXVariantGroup section */
		CEC23F331B5F74E40080E31D /* Main.storyboard */ = {
			isa = PBXVariantGroup;
			children = (
				CEC23F341B5F74E40080E31D /* Base */,
			);
			name = Main.storyboard;
			sourceTree = "<group>";
		};
		CEC23F381B5F74E40080E31D /* LaunchScreen.xib */ = {
			isa = PBXVariantGroup;
			children = (
				CEC23F391B5F74E40080E31D /* Base */,
			);
			name = LaunchScreen.xib;
			sourceTree = "<group>";
		};
/* End PBXVariantGroup section */

/* Begin XCBuildConfiguration section */
		CEC23F471B5F74E50080E31D /* Debug */ = {
			isa = XCBuildConfiguration;
			buildSettings = {
				ALWAYS_SEARCH_USER_PATHS = NO;
				CLANG_CXX_LANGUAGE_STANDARD = "gnu++0x";
				CLANG_CXX_LIBRARY = "libc++";
				CLANG_ENABLE_MODULES = YES;
				CLANG_ENABLE_OBJC_ARC = YES;
				CLANG_WARN_BOOL_CONVERSION = YES;
				CLANG_WARN_CONSTANT_CONVERSION = YES;
				CLANG_WARN_DIRECT_OBJC_ISA_USAGE = YES_ERROR;
				CLANG_WARN_EMPTY_BODY = YES;
				CLANG_WARN_ENUM_CONVERSION = YES;
				CLANG_WARN_INT_CONVERSION = YES;
				CLANG_WARN_OBJC_ROOT_CLASS = YES_ERROR;
				CLANG_WARN_UNREACHABLE_CODE = YES;
				CLANG_WARN__DUPLICATE_METHOD_MATCH = YES;
				"CODE_SIGN_IDENTITY[sdk=iphoneos*]" = "iPhone Developer";
				COPY_PHASE_STRIP = NO;
				DEBUG_INFORMATION_FORMAT = "dwarf-with-dsym";
				ENABLE_STRICT_OBJC_MSGSEND = YES;
				GCC_C_LANGUAGE_STANDARD = gnu99;
				GCC_DYNAMIC_NO_PIC = NO;
				GCC_NO_COMMON_BLOCKS = YES;
				GCC_OPTIMIZATION_LEVEL = 0;
				GCC_PREPROCESSOR_DEFINITIONS = (
					"DEBUG=1",
					"$(inherited)",
				);
				GCC_SYMBOLS_PRIVATE_EXTERN = NO;
				GCC_WARN_64_TO_32_BIT_CONVERSION = YES;
				GCC_WARN_ABOUT_RETURN_TYPE = YES_ERROR;
				GCC_WARN_UNDECLARED_SELECTOR = YES;
				GCC_WARN_UNINITIALIZED_AUTOS = YES_AGGRESSIVE;
				GCC_WARN_UNUSED_FUNCTION = YES;
				GCC_WARN_UNUSED_VARIABLE = YES;
				IPHONEOS_DEPLOYMENT_TARGET = 8.4;
				MTL_ENABLE_DEBUG_INFO = YES;
				ONLY_ACTIVE_ARCH = YES;
				SDKROOT = iphoneos;
				TARGETED_DEVICE_FAMILY = "1,2";
			};
			name = Debug;
		};
		CEC23F481B5F74E50080E31D /* Release */ = {
			isa = XCBuildConfiguration;
			buildSettings = {
				ALWAYS_SEARCH_USER_PATHS = NO;
				CLANG_CXX_LANGUAGE_STANDARD = "gnu++0x";
				CLANG_CXX_LIBRARY = "libc++";
				CLANG_ENABLE_MODULES = YES;
				CLANG_ENABLE_OBJC_ARC = YES;
				CLANG_WARN_BOOL_CONVERSION = YES;
				CLANG_WARN_CONSTANT_CONVERSION = YES;
				CLANG_WARN_DIRECT_OBJC_ISA_USAGE = YES_ERROR;
				CLANG_WARN_EMPTY_BODY = YES;
				CLANG_WARN_ENUM_CONVERSION = YES;
				CLANG_WARN_INT_CONVERSION = YES;
				CLANG_WARN_OBJC_ROOT_CLASS = YES_ERROR;
				CLANG_WARN_UNREACHABLE_CODE = YES;
				CLANG_WARN__DUPLICATE_METHOD_MATCH = YES;
				"CODE_SIGN_IDENTITY[sdk=iphoneos*]" = "iPhone Developer";
				COPY_PHASE_STRIP = NO;
				DEBUG_INFORMATION_FORMAT = "dwarf-with-dsym";
				ENABLE_NS_ASSERTIONS = NO;
				ENABLE_STRICT_OBJC_MSGSEND = YES;
				GCC_C_LANGUAGE_STANDARD = gnu99;
				GCC_NO_COMMON_BLOCKS = YES;
				GCC_WARN_64_TO_32_BIT_CONVERSION = YES;
				GCC_WARN_ABOUT_RETURN_TYPE = YES_ERROR;
				GCC_WARN_UNDECLARED_SELECTOR = YES;
				GCC_WARN_UNINITIALIZED_AUTOS = YES_AGGRESSIVE;
				GCC_WARN_UNUSED_FUNCTION = YES;
				GCC_WARN_UNUSED_VARIABLE = YES;
				IPHONEOS_DEPLOYMENT_TARGET = 8.4;
				MTL_ENABLE_DEBUG_INFO = NO;
				SDKROOT = iphoneos;
				TARGETED_DEVICE_FAMILY = "1,2";
				VALIDATE_PRODUCT = YES;
			};
			name = Release;
		};
		CEC23F4A1B5F74E50080E31D /* Debug */ = {
			isa = XCBuildConfiguration;
			buildSettings = {
				ASSETCATALOG_COMPILER_APPICON_NAME = AppIcon;
				FRAMEWORK_SEARCH_PATHS = (
					"$(inherited)",
					"$(PROJECT_DIR)",
				);
				INFOPLIST_FILE = twitterGagan/Info.plist;
				LD_RUNPATH_SEARCH_PATHS = "$(inherited) @executable_path/Frameworks";
				PRODUCT_NAME = "$(TARGET_NAME)";
			};
			name = Debug;
		};
		CEC23F4B1B5F74E50080E31D /* Release */ = {
			isa = XCBuildConfiguration;
			buildSettings = {
				ASSETCATALOG_COMPILER_APPICON_NAME = AppIcon;
				FRAMEWORK_SEARCH_PATHS = (
					"$(inherited)",
					"$(PROJECT_DIR)",
				);
				INFOPLIST_FILE = twitterGagan/Info.plist;
				LD_RUNPATH_SEARCH_PATHS = "$(inherited) @executable_path/Frameworks";
				PRODUCT_NAME = "$(TARGET_NAME)";
			};
			name = Release;
		};
		CEC23F4D1B5F74E50080E31D /* Debug */ = {
			isa = XCBuildConfiguration;
			buildSettings = {
				BUNDLE_LOADER = "$(TEST_HOST)";
				FRAMEWORK_SEARCH_PATHS = (
					"$(SDKROOT)/Developer/Library/Frameworks",
					"$(inherited)",
				);
				GCC_PREPROCESSOR_DEFINITIONS = (
					"DEBUG=1",
					"$(inherited)",
				);
				INFOPLIST_FILE = twitterGaganTests/Info.plist;
				LD_RUNPATH_SEARCH_PATHS = "$(inherited) @executable_path/Frameworks @loader_path/Frameworks";
				PRODUCT_NAME = "$(TARGET_NAME)";
				TEST_HOST = "$(BUILT_PRODUCTS_DIR)/twitterGagan.app/twitterGagan";
			};
			name = Debug;
		};
		CEC23F4E1B5F74E50080E31D /* Release */ = {
			isa = XCBuildConfiguration;
			buildSettings = {
				BUNDLE_LOADER = "$(TEST_HOST)";
				FRAMEWORK_SEARCH_PATHS = (
					"$(SDKROOT)/Developer/Library/Frameworks",
					"$(inherited)",
				);
				INFOPLIST_FILE = twitterGaganTests/Info.plist;
				LD_RUNPATH_SEARCH_PATHS = "$(inherited) @executable_path/Frameworks @loader_path/Frameworks";
				PRODUCT_NAME = "$(TARGET_NAME)";
				TEST_HOST = "$(BUILT_PRODUCTS_DIR)/twitterGagan.app/twitterGagan";
			};
			name = Release;
		};
/* End XCBuildConfiguration section */

/* Begin XCConfigurationList section */
		CEC23F211B5F74E40080E31D /* Build configuration list for PBXProject "twitterGagan" */ = {
			isa = XCConfigurationList;
			buildConfigurations = (
				CEC23F471B5F74E50080E31D /* Debug */,
				CEC23F481B5F74E50080E31D /* Release */,
			);
			defaultConfigurationIsVisible = 0;
			defaultConfigurationName = Release;
		};
		CEC23F491B5F74E50080E31D /* Build configuration list for PBXNativeTarget "twitterGagan" */ = {
			isa = XCConfigurationList;
			buildConfigurations = (
				CEC23F4A1B5F74E50080E31D /* Debug */,
				CEC23F4B1B5F74E50080E31D /* Release */,
			);
			defaultConfigurationIsVisible = 0;
		};
		CEC23F4C1B5F74E50080E31D /* Build configuration list for PBXNativeTarget "twitterGaganTests" */ = {
			isa = XCConfigurationList;
			buildConfigurations = (
				CEC23F4D1B5F74E50080E31D /* Debug */,
				CEC23F4E1B5F74E50080E31D /* Release */,
			);
			defaultConfigurationIsVisible = 0;
		};
/* End XCConfigurationList section */
	};
	rootObject = CEC23F1E1B5F74E40080E31D /* Project object */;
}
